{
    "_readme": [
        "This file locks the dependencies of your project to a known state",
        "Read more about it at https://getcomposer.org/doc/01-basic-usage.md#composer-lock-the-lock-file",
        "This file is @generated automatically"
    ],
    "hash": "db699aad0353ae30aa338f61efc9aeac",
    "content-hash": "c0f78e9d8a747980596a568a477db707",
    "packages": [
        {
            "name": "danielmewes/php-rql",
            "version": "2.2.0",
            "source": {
                "type": "git",
                "url": "https://github.com/danielmewes/php-rql.git",
                "reference": "16ac6f45aade7654057d6ad409737891d83d24e4"
            },
            "dist": {
                "type": "zip",
                "url": "https://api.github.com/repos/danielmewes/php-rql/zipball/16ac6f45aade7654057d6ad409737891d83d24e4",
                "reference": "16ac6f45aade7654057d6ad409737891d83d24e4",
                "shasum": ""
            },
            "require": {
                "php": ">=5.3.0"
            },
            "require-dev": {
                "jakub-onderka/php-parallel-lint": "dev-master",
                "phpunit/phpunit": "~4.8"
            },
            "type": "library",
            "autoload": {
                "files": [
                    "rdb/rdb.php"
                ],
                "psr-4": {
                    "r\\": "rdb/",
                    "r\\Tests\\": "tests/"
                }
            },
            "notification-url": "https://packagist.org/downloads/",
            "license": [
                "Apache-2.0"
            ],
            "authors": [
                {
                    "name": "Daniel Mewes",
                    "email": "danielmewes@onlinehome.de",
                    "homepage": "http://dmewes.com",
                    "role": "Developer"
                }
            ],
            "description": "A PHP client driver for the RethinkDB query language (ReQL)",
            "homepage": "http://danielmewes.github.io/php-rql/",
            "keywords": [
                "database",
                "driver",
                "reql",
                "rethinkdb"
            ],
            "time": "2015-12-05 04:32:52"
        },
        {
            "name": "fightbulc/moment",
            "version": "1.20.9",
            "source": {
                "type": "git",
                "url": "https://github.com/fightbulc/moment.php.git",
                "reference": "f7c1967401fdc43e823ca31ddb9b71570670dfb6"
            },
            "dist": {
                "type": "zip",
                "url": "https://api.github.com/repos/fightbulc/moment.php/zipball/f7c1967401fdc43e823ca31ddb9b71570670dfb6",
                "reference": "f7c1967401fdc43e823ca31ddb9b71570670dfb6",
                "shasum": ""
            },
            "require": {
                "php": ">=5.3.0"
            },
            "require-dev": {
                "phpunit/phpunit": "4.2.*"
            },
            "type": "library",
            "autoload": {
                "psr-4": {
                    "Moment\\": "src/"
                }
            },
            "notification-url": "https://packagist.org/downloads/",
            "license": [
                "MIT"
            ],
            "authors": [
                {
                    "name": "Ashish Tilara",
                    "email": "ashish@itcutives.com",
                    "role": "developer"
                },
                {
                    "name": "Jaroslaw Kozak",
                    "email": "jaroslaw.kozak68@gmail.com",
                    "role": "developer"
                },
                {
                    "name": "Tino Ehrich",
                    "email": "tino@bigpun.me",
                    "role": "developer"
                }
            ],
            "description": "Parse, validate, manipulate, and display dates in PHP w/ i18n support. Inspired by moment.js",
            "keywords": [
                "date",
                "display",
                "format",
                "i18n",
                "locale",
                "manipulate",
                "moment",
                "parse",
                "time",
                "translation",
                "validate"
            ],
            "time": "2016-06-29 10:33:08"
        }
    ],
    "packages-dev": [],
    "aliases": [],
    "minimum-stability": "stable",
    "stability-flags": [],
    "prefer-stable": false,
    "prefer-lowest": false,
    "platform": [],
    "platform-dev": []
}
