{
    "_readme": [
        "This file locks the dependencies of your project to a known state",
        "Read more about it at https://getcomposer.org/doc/01-basic-usage.md#composer-lock-the-lock-file",
        "This file is @generated automatically"
    ],
    "hash": "f8b7db92a24bc3517e13bf9a0ed04660",
    "packages": [
        {
            "name": "danielmewes/php-rql",
            "version": "dev-master",
            "source": {
                "type": "git",
                "url": "https://github.com/danielmewes/php-rql.git",
                "reference": "1badce8c17d861bb01aae407e436885bfd7fd54e"
            },
            "dist": {
                "type": "zip",
                "url": "https://api.github.com/repos/danielmewes/php-rql/zipball/1badce8c17d861bb01aae407e436885bfd7fd54e",
                "reference": "1badce8c17d861bb01aae407e436885bfd7fd54e",
                "shasum": ""
            },
            "require": {
                "php": ">=5.3.0"
            },
            "type": "library",
            "autoload": {
                "files": [
                    "src/rdb/rdb.php"
                ]
            },
            "notification-url": "https://packagist.org/downloads/",
            "include-path": [
                "src/"
            ],
            "license": [
                "Apache-2.0"
            ],
            "authors": [
                {
                    "name": "Daniel Mewes",
                    "email": "danielmewes@onlinehome.de",
                    "homepage": "http://dmewes.com",
                    "role": "Developer"
                }
            ],
            "description": "A PHP client driver for the RethinkDB query language (ReQL)",
            "homepage": "http://danielmewes.github.io/php-rql/",
            "keywords": [
                "database",
                "driver",
                "reql",
                "rethinkdb"
            ],
            "time": "2015-08-04 07:33:46"
        }
    ],
    "packages-dev": [],
    "aliases": [],
    "minimum-stability": "stable",
    "stability-flags": {
        "danielmewes/php-rql": 20
    },
    "prefer-stable": false,
    "prefer-lowest": false,
    "platform": [],
    "platform-dev": []
}
